// !$*UTF8*$!
{
	archiveVersion = 1;
	classes = {
	};
	objectVersion = 52;
	objects = {

/* Begin PBXBuildFile section */
		DA0DBB55258FF8FD00E26609 /* Starscream in Frameworks */ = {isa = PBXBuildFile; productRef = DA0DBB54258FF8FD00E26609 /* Starscream */; };
		DABA651724A07D7300C5D657 /* AppDelegate.swift in Sources */ = {isa = PBXBuildFile; fileRef = DABA651624A07D7300C5D657 /* AppDelegate.swift */; };
		DABA651924A07D7300C5D657 /* SceneDelegate.swift in Sources */ = {isa = PBXBuildFile; fileRef = DABA651824A07D7300C5D657 /* SceneDelegate.swift */; };
		DABA651B24A07D7300C5D657 /* ViewController.swift in Sources */ = {isa = PBXBuildFile; fileRef = DABA651A24A07D7300C5D657 /* ViewController.swift */; };
		DABA651E24A07D7300C5D657 /* Main.storyboard in Resources */ = {isa = PBXBuildFile; fileRef = DABA651C24A07D7300C5D657 /* Main.storyboard */; };
		DABA652024A07D7400C5D657 /* Assets.xcassets in Resources */ = {isa = PBXBuildFile; fileRef = DABA651F24A07D7400C5D657 /* Assets.xcassets */; };
		DABA652324A07D7400C5D657 /* LaunchScreen.storyboard in Resources */ = {isa = PBXBuildFile; fileRef = DABA652124A07D7400C5D657 /* LaunchScreen.storyboard */; };
		DABA652E24A07D7400C5D657 /* gameTests.swift in Sources */ = {isa = PBXBuildFile; fileRef = DABA652D24A07D7400C5D657 /* gameTests.swift */; };
		DABA653924A07D7400C5D657 /* gameUITests.swift in Sources */ = {isa = PBXBuildFile; fileRef = DABA653824A07D7400C5D657 /* gameUITests.swift */; };
		DABA654C24A081E900C5D657 /* StompClient.swift in Sources */ = {isa = PBXBuildFile; fileRef = DABA654B24A081E900C5D657 /* StompClient.swift */; };
/* End PBXBuildFile section */

/* Begin PBXContainerItemProxy section */
		DABA652A24A07D7400C5D657 /* PBXContainerItemProxy */ = {
			isa = PBXContainerItemProxy;
			containerPortal = DABA650B24A07D7300C5D657 /* Project object */;
			proxyType = 1;
			remoteGlobalIDString = DABA651224A07D7300C5D657;
			remoteInfo = game;
		};
		DABA653524A07D7400C5D657 /* PBXContainerItemProxy */ = {
			isa = PBXContainerItemProxy;
			containerPortal = DABA650B24A07D7300C5D657 /* Project object */;
			proxyType = 1;
			remoteGlobalIDString = DABA651224A07D7300C5D657;
			remoteInfo = game;
		};
/* End PBXContainerItemProxy section */

/* Begin PBXCopyFilesBuildPhase section */
		DABA654A24A07F7F00C5D657 /* Embed Frameworks */ = {
			isa = PBXCopyFilesBuildPhase;
			buildActionMask = 2147483647;
			dstPath = "";
			dstSubfolderSpec = 10;
			files = (
			);
			name = "Embed Frameworks";
			runOnlyForDeploymentPostprocessing = 0;
		};
/* End PBXCopyFilesBuildPhase section */

/* Begin PBXFileReference section */
		DABA651324A07D7300C5D657 /* game.app */ = {isa = PBXFileReference; explicitFileType = wrapper.application; includeInIndex = 0; path = game.app; sourceTree = BUILT_PRODUCTS_DIR; };
		DABA651624A07D7300C5D657 /* AppDelegate.swift */ = {isa = PBXFileReference; lastKnownFileType = sourcecode.swift; path = AppDelegate.swift; sourceTree = "<group>"; };
		DABA651824A07D7300C5D657 /* SceneDelegate.swift */ = {isa = PBXFileReference; lastKnownFileType = sourcecode.swift; path = SceneDelegate.swift; sourceTree = "<group>"; };
		DABA651A24A07D7300C5D657 /* ViewController.swift */ = {isa = PBXFileReference; lastKnownFileType = sourcecode.swift; path = ViewController.swift; sourceTree = "<group>"; };
		DABA651D24A07D7300C5D657 /* Base */ = {isa = PBXFileReference; lastKnownFileType = file.storyboard; name = Base; path = Base.lproj/Main.storyboard; sourceTree = "<group>"; };
		DABA651F24A07D7400C5D657 /* Assets.xcassets */ = {isa = PBXFileReference; lastKnownFileType = folder.assetcatalog; path = Assets.xcassets; sourceTree = "<group>"; };
		DABA652224A07D7400C5D657 /* Base */ = {isa = PBXFileReference; lastKnownFileType = file.storyboard; name = Base; path = Base.lproj/LaunchScreen.storyboard; sourceTree = "<group>"; };
		DABA652424A07D7400C5D657 /* Info.plist */ = {isa = PBXFileReference; lastKnownFileType = text.plist.xml; path = Info.plist; sourceTree = "<group>"; };
		DABA652924A07D7400C5D657 /* gameTests.xctest */ = {isa = PBXFileReference; explicitFileType = wrapper.cfbundle; includeInIndex = 0; path = gameTests.xctest; sourceTree = BUILT_PRODUCTS_DIR; };
		DABA652D24A07D7400C5D657 /* gameTests.swift */ = {isa = PBXFileReference; lastKnownFileType = sourcecode.swift; path = gameTests.swift; sourceTree = "<group>"; };
		DABA652F24A07D7400C5D657 /* Info.plist */ = {isa = PBXFileReference; lastKnownFileType = text.plist.xml; path = Info.plist; sourceTree = "<group>"; };
		DABA653424A07D7400C5D657 /* gameUITests.xctest */ = {isa = PBXFileReference; explicitFileType = wrapper.cfbundle; includeInIndex = 0; path = gameUITests.xctest; sourceTree = BUILT_PRODUCTS_DIR; };
		DABA653824A07D7400C5D657 /* gameUITests.swift */ = {isa = PBXFileReference; lastKnownFileType = sourcecode.swift; path = gameUITests.swift; sourceTree = "<group>"; };
		DABA653A24A07D7400C5D657 /* Info.plist */ = {isa = PBXFileReference; lastKnownFileType = text.plist.xml; path = Info.plist; sourceTree = "<group>"; };
		DABA654B24A081E900C5D657 /* StompClient.swift */ = {isa = PBXFileReference; lastKnownFileType = sourcecode.swift; path = StompClient.swift; sourceTree = "<group>"; };
/* End PBXFileReference section */

/* Begin PBXFrameworksBuildPhase section */
		DABA651024A07D7300C5D657 /* Frameworks */ = {
			isa = PBXFrameworksBuildPhase;
			buildActionMask = 2147483647;
			files = (
				DA0DBB55258FF8FD00E26609 /* Starscream in Frameworks */,
			);
			runOnlyForDeploymentPostprocessing = 0;
		};
		DABA652624A07D7400C5D657 /* Frameworks */ = {
			isa = PBXFrameworksBuildPhase;
			buildActionMask = 2147483647;
			files = (
			);
			runOnlyForDeploymentPostprocessing = 0;
		};
		DABA653124A07D7400C5D657 /* Frameworks */ = {
			isa = PBXFrameworksBuildPhase;
			buildActionMask = 2147483647;
			files = (
			);
			runOnlyForDeploymentPostprocessing = 0;
		};
/* End PBXFrameworksBuildPhase section */

/* Begin PBXGroup section */
		DABA650A24A07D7300C5D657 = {
			isa = PBXGroup;
			children = (
				DABA651524A07D7300C5D657 /* game */,
				DABA652C24A07D7400C5D657 /* gameTests */,
				DABA653724A07D7400C5D657 /* gameUITests */,
				DABA651424A07D7300C5D657 /* Products */,
			);
			sourceTree = "<group>";
		};
		DABA651424A07D7300C5D657 /* Products */ = {
			isa = PBXGroup;
			children = (
				DABA651324A07D7300C5D657 /* game.app */,
				DABA652924A07D7400C5D657 /* gameTests.xctest */,
				DABA653424A07D7400C5D657 /* gameUITests.xctest */,
			);
			name = Products;
			sourceTree = "<group>";
		};
		DABA651524A07D7300C5D657 /* game */ = {
			isa = PBXGroup;
			children = (
				DABA651624A07D7300C5D657 /* AppDelegate.swift */,
				DABA651824A07D7300C5D657 /* SceneDelegate.swift */,
				DABA651A24A07D7300C5D657 /* ViewController.swift */,
				DABA651C24A07D7300C5D657 /* Main.storyboard */,
				DABA651F24A07D7400C5D657 /* Assets.xcassets */,
				DABA652124A07D7400C5D657 /* LaunchScreen.storyboard */,
				DABA652424A07D7400C5D657 /* Info.plist */,
				DABA654B24A081E900C5D657 /* StompClient.swift */,
			);
			path = game;
			sourceTree = "<group>";
		};
		DABA652C24A07D7400C5D657 /* gameTests */ = {
			isa = PBXGroup;
			children = (
				DABA652D24A07D7400C5D657 /* gameTests.swift */,
				DABA652F24A07D7400C5D657 /* Info.plist */,
			);
			path = gameTests;
			sourceTree = "<group>";
		};
		DABA653724A07D7400C5D657 /* gameUITests */ = {
			isa = PBXGroup;
			children = (
				DABA653824A07D7400C5D657 /* gameUITests.swift */,
				DABA653A24A07D7400C5D657 /* Info.plist */,
			);
			path = gameUITests;
			sourceTree = "<group>";
		};
/* End PBXGroup section */

/* Begin PBXNativeTarget section */
		DABA651224A07D7300C5D657 /* game */ = {
			isa = PBXNativeTarget;
			buildConfigurationList = DABA653D24A07D7400C5D657 /* Build configuration list for PBXNativeTarget "game" */;
			buildPhases = (
				DABA650F24A07D7300C5D657 /* Sources */,
				DABA651024A07D7300C5D657 /* Frameworks */,
				DABA651124A07D7300C5D657 /* Resources */,
				DABA654A24A07F7F00C5D657 /* Embed Frameworks */,
			);
			buildRules = (
			);
			dependencies = (
			);
			name = game;
			packageProductDependencies = (
				DA0DBB54258FF8FD00E26609 /* Starscream */,
			);
			productName = game;
			productReference = DABA651324A07D7300C5D657 /* game.app */;
			productType = "com.apple.product-type.application";
		};
		DABA652824A07D7400C5D657 /* gameTests */ = {
			isa = PBXNativeTarget;
			buildConfigurationList = DABA654024A07D7400C5D657 /* Build configuration list for PBXNativeTarget "gameTests" */;
			buildPhases = (
				DABA652524A07D7400C5D657 /* Sources */,
				DABA652624A07D7400C5D657 /* Frameworks */,
				DABA652724A07D7400C5D657 /* Resources */,
			);
			buildRules = (
			);
			dependencies = (
				DABA652B24A07D7400C5D657 /* PBXTargetDependency */,
			);
			name = gameTests;
			productName = gameTests;
			productReference = DABA652924A07D7400C5D657 /* gameTests.xctest */;
			productType = "com.apple.product-type.bundle.unit-test";
		};
		DABA653324A07D7400C5D657 /* gameUITests */ = {
			isa = PBXNativeTarget;
			buildConfigurationList = DABA654324A07D7400C5D657 /* Build configuration list for PBXNativeTarget "gameUITests" */;
			buildPhases = (
				DABA653024A07D7400C5D657 /* Sources */,
				DABA653124A07D7400C5D657 /* Frameworks */,
				DABA653224A07D7400C5D657 /* Resources */,
			);
			buildRules = (
			);
			dependencies = (
				DABA653624A07D7400C5D657 /* PBXTargetDependency */,
			);
			name = gameUITests;
			productName = gameUITests;
			productReference = DABA653424A07D7400C5D657 /* gameUITests.xctest */;
			productType = "com.apple.product-type.bundle.ui-testing";
		};
/* End PBXNativeTarget section */

/* Begin PBXProject section */
		DABA650B24A07D7300C5D657 /* Project object */ = {
			isa = PBXProject;
			attributes = {
				LastSwiftUpdateCheck = 1150;
				LastUpgradeCheck = 1150;
				ORGANIZATIONNAME = "Zhaolong Zhong";
				TargetAttributes = {
					DABA651224A07D7300C5D657 = {
						CreatedOnToolsVersion = 11.5;
					};
					DABA652824A07D7400C5D657 = {
						CreatedOnToolsVersion = 11.5;
						TestTargetID = DABA651224A07D7300C5D657;
					};
					DABA653324A07D7400C5D657 = {
						CreatedOnToolsVersion = 11.5;
						TestTargetID = DABA651224A07D7300C5D657;
					};
				};
			};
			buildConfigurationList = DABA650E24A07D7300C5D657 /* Build configuration list for PBXProject "game" */;
			compatibilityVersion = "Xcode 9.3";
			developmentRegion = en;
			hasScannedForEncodings = 0;
			knownRegions = (
				en,
				Base,
			);
			mainGroup = DABA650A24A07D7300C5D657;
			packageReferences = (
				DA0DBB53258FF8FD00E26609 /* XCRemoteSwiftPackageReference "Starscream" */,
			);
			productRefGroup = DABA651424A07D7300C5D657 /* Products */;
			projectDirPath = "";
			projectRoot = "";
			targets = (
				DABA651224A07D7300C5D657 /* game */,
				DABA652824A07D7400C5D657 /* gameTests */,
				DABA653324A07D7400C5D657 /* gameUITests */,
			);
		};
/* End PBXProject section */

/* Begin PBXResourcesBuildPhase section */
		DABA651124A07D7300C5D657 /* Resources */ = {
			isa = PBXResourcesBuildPhase;
			buildActionMask = 2147483647;
			files = (
				DABA652324A07D7400C5D657 /* LaunchScreen.storyboard in Resources */,
				DABA652024A07D7400C5D657 /* Assets.xcassets in Resources */,
				DABA651E24A07D7300C5D657 /* Main.storyboard in Resources */,
			);
			runOnlyForDeploymentPostprocessing = 0;
		};
		DABA652724A07D7400C5D657 /* Resources */ = {
			isa = PBXResourcesBuildPhase;
			buildActionMask = 2147483647;
			files = (
			);
			runOnlyForDeploymentPostprocessing = 0;
		};
		DABA653224A07D7400C5D657 /* Resources */ = {
			isa = PBXResourcesBuildPhase;
			buildActionMask = 2147483647;
			files = (
			);
			runOnlyForDeploymentPostprocessing = 0;
		};
/* End PBXResourcesBuildPhase section */

/* Begin PBXSourcesBuildPhase section */
		DABA650F24A07D7300C5D657 /* Sources */ = {
			isa = PBXSourcesBuildPhase;
			buildActionMask = 2147483647;
			files = (
				DABA651B24A07D7300C5D657 /* ViewController.swift in Sources */,
				DABA651724A07D7300C5D657 /* AppDelegate.swift in Sources */,
				DABA654C24A081E900C5D657 /* StompClient.swift in Sources */,
				DABA651924A07D7300C5D657 /* SceneDelegate.swift in Sources */,
			);
			runOnlyForDeploymentPostprocessing = 0;
		};
		DABA652524A07D7400C5D657 /* Sources */ = {
			isa = PBXSourcesBuildPhase;
			buildActionMask = 2147483647;
			files = (
				DABA652E24A07D7400C5D657 /* gameTests.swift in Sources */,
			);
			runOnlyForDeploymentPostprocessing = 0;
		};
		DABA653024A07D7400C5D657 /* Sources */ = {
			isa = PBXSourcesBuildPhase;
			buildActionMask = 2147483647;
			files = (
				DABA653924A07D7400C5D657 /* gameUITests.swift in Sources */,
			);
			runOnlyForDeploymentPostprocessing = 0;
		};
/* End PBXSourcesBuildPhase section */

/* Begin PBXTargetDependency section */
		DABA652B24A07D7400C5D657 /* PBXTargetDependency */ = {
			isa = PBXTargetDependency;
			target = DABA651224A07D7300C5D657 /* game */;
			targetProxy = DABA652A24A07D7400C5D657 /* PBXContainerItemProxy */;
		};
		DABA653624A07D7400C5D657 /* PBXTargetDependency */ = {
			isa = PBXTargetDependency;
			target = DABA651224A07D7300C5D657 /* game */;
			targetProxy = DABA653524A07D7400C5D657 /* PBXContainerItemProxy */;
		};
/* End PBXTargetDependency section */

/* Begin PBXVariantGroup section */
		DABA651C24A07D7300C5D657 /* Main.storyboard */ = {
			isa = PBXVariantGroup;
			children = (
				DABA651D24A07D7300C5D657 /* Base */,
			);
			name = Main.storyboard;
			sourceTree = "<group>";
		};
		DABA652124A07D7400C5D657 /* LaunchScreen.storyboard */ = {
			isa = PBXVariantGroup;
			children = (
				DABA652224A07D7400C5D657 /* Base */,
			);
			name = LaunchScreen.storyboard;
			sourceTree = "<group>";
		};
/* End PBXVariantGroup section */

/* Begin XCBuildConfiguration section */
		DABA653B24A07D7400C5D657 /* Debug */ = {
			isa = XCBuildConfiguration;
			buildSettings = {
				ALWAYS_SEARCH_USER_PATHS = NO;
				CLANG_ANALYZER_NONNULL = YES;
				CLANG_ANALYZER_NUMBER_OBJECT_CONVERSION = YES_AGGRESSIVE;
				CLANG_CXX_LANGUAGE_STANDARD = "gnu++14";
				CLANG_CXX_LIBRARY = "libc++";
				CLANG_ENABLE_MODULES = YES;
				CLANG_ENABLE_OBJC_ARC = YES;
				CLANG_ENABLE_OBJC_WEAK = YES;
				CLANG_WARN_BLOCK_CAPTURE_AUTORELEASING = YES;
				CLANG_WARN_BOOL_CONVERSION = YES;
				CLANG_WARN_COMMA = YES;
				CLANG_WARN_CONSTANT_CONVERSION = YES;
				CLANG_WARN_DEPRECATED_OBJC_IMPLEMENTATIONS = YES;
				CLANG_WARN_DIRECT_OBJC_ISA_USAGE = YES_ERROR;
				CLANG_WARN_DOCUMENTATION_COMMENTS = YES;
				CLANG_WARN_EMPTY_BODY = YES;
				CLANG_WARN_ENUM_CONVERSION = YES;
				CLANG_WARN_INFINITE_RECURSION = YES;
				CLANG_WARN_INT_CONVERSION = YES;
				CLANG_WARN_NON_LITERAL_NULL_CONVERSION = YES;
				CLANG_WARN_OBJC_IMPLICIT_RETAIN_SELF = YES;
				CLANG_WARN_OBJC_LITERAL_CONVERSION = YES;
				CLANG_WARN_OBJC_ROOT_CLASS = YES_ERROR;
				CLANG_WARN_RANGE_LOOP_ANALYSIS = YES;
				CLANG_WARN_STRICT_PROTOTYPES = YES;
				CLANG_WARN_SUSPICIOUS_MOVE = YES;
				CLANG_WARN_UNGUARDED_AVAILABILITY = YES_AGGRESSIVE;
				CLANG_WARN_UNREACHABLE_CODE = YES;
				CLANG_WARN__DUPLICATE_METHOD_MATCH = YES;
				COPY_PHASE_STRIP = NO;
				DEBUG_INFORMATION_FORMAT = dwarf;
				ENABLE_STRICT_OBJC_MSGSEND = YES;
				ENABLE_TESTABILITY = YES;
				GCC_C_LANGUAGE_STANDARD = gnu11;
				GCC_DYNAMIC_NO_PIC = NO;
				GCC_NO_COMMON_BLOCKS = YES;
				GCC_OPTIMIZATION_LEVEL = 0;
				GCC_PREPROCESSOR_DEFINITIONS = (
					"DEBUG=1",
					"$(inherited)",
				);
				GCC_WARN_64_TO_32_BIT_CONVERSION = YES;
				GCC_WARN_ABOUT_RETURN_TYPE = YES_ERROR;
				GCC_WARN_UNDECLARED_SELECTOR = YES;
				GCC_WARN_UNINITIALIZED_AUTOS = YES_AGGRESSIVE;
				GCC_WARN_UNUSED_FUNCTION = YES;
				GCC_WARN_UNUSED_VARIABLE = YES;
				IPHONEOS_DEPLOYMENT_TARGET = 13.5;
				MTL_ENABLE_DEBUG_INFO = INCLUDE_SOURCE;
				MTL_FAST_MATH = YES;
				ONLY_ACTIVE_ARCH = YES;
				SDKROOT = iphoneos;
				SWIFT_ACTIVE_COMPILATION_CONDITIONS = DEBUG;
				SWIFT_OPTIMIZATION_LEVEL = "-Onone";
			};
			name = Debug;
		};
		DABA653C24A07D7400C5D657 /* Release */ = {
			isa = XCBuildConfiguration;
			buildSettings = {
				ALWAYS_SEARCH_USER_PATHS = NO;
				CLANG_ANALYZER_NONNULL = YES;
				CLANG_ANALYZER_NUMBER_OBJECT_CONVERSION = YES_AGGRESSIVE;
				CLANG_CXX_LANGUAGE_STANDARD = "gnu++14";
				CLANG_CXX_LIBRARY = "libc++";
				CLANG_ENABLE_MODULES = YES;
				CLANG_ENABLE_OBJC_ARC = YES;
				CLANG_ENABLE_OBJC_WEAK = YES;
				CLANG_WARN_BLOCK_CAPTURE_AUTORELEASING = YES;
				CLANG_WARN_BOOL_CONVERSION = YES;
				CLANG_WARN_COMMA = YES;
				CLANG_WARN_CONSTANT_CONVERSION = YES;
				CLANG_WARN_DEPRECATED_OBJC_IMPLEMENTATIONS = YES;
				CLANG_WARN_DIRECT_OBJC_ISA_USAGE = YES_ERROR;
				CLANG_WARN_DOCUMENTATION_COMMENTS = YES;
				CLANG_WARN_EMPTY_BODY = YES;
				CLANG_WARN_ENUM_CONVERSION = YES;
				CLANG_WARN_INFINITE_RECURSION = YES;
				CLANG_WARN_INT_CONVERSION = YES;
				CLANG_WARN_NON_LITERAL_NULL_CONVERSION = YES;
				CLANG_WARN_OBJC_IMPLICIT_RETAIN_SELF = YES;
				CLANG_WARN_OBJC_LITERAL_CONVERSION = YES;
				CLANG_WARN_OBJC_ROOT_CLASS = YES_ERROR;
				CLANG_WARN_RANGE_LOOP_ANALYSIS = YES;
				CLANG_WARN_STRICT_PROTOTYPES = YES;
				CLANG_WARN_SUSPICIOUS_MOVE = YES;
				CLANG_WARN_UNGUARDED_AVAILABILITY = YES_AGGRESSIVE;
				CLANG_WARN_UNREACHABLE_CODE = YES;
				CLANG_WARN__DUPLICATE_METHOD_MATCH = YES;
				COPY_PHASE_STRIP = NO;
				DEBUG_INFORMATION_FORMAT = "dwarf-with-dsym";
				ENABLE_NS_ASSERTIONS = NO;
				ENABLE_STRICT_OBJC_MSGSEND = YES;
				GCC_C_LANGUAGE_STANDARD = gnu11;
				GCC_NO_COMMON_BLOCKS = YES;
				GCC_WARN_64_TO_32_BIT_CONVERSION = YES;
				GCC_WARN_ABOUT_RETURN_TYPE = YES_ERROR;
				GCC_WARN_UNDECLARED_SELECTOR = YES;
				GCC_WARN_UNINITIALIZED_AUTOS = YES_AGGRESSIVE;
				GCC_WARN_UNUSED_FUNCTION = YES;
				GCC_WARN_UNUSED_VARIABLE = YES;
				IPHONEOS_DEPLOYMENT_TARGET = 13.5;
				MTL_ENABLE_DEBUG_INFO = NO;
				MTL_FAST_MATH = YES;
				SDKROOT = iphoneos;
				SWIFT_COMPILATION_MODE = wholemodule;
				SWIFT_OPTIMIZATION_LEVEL = "-O";
				VALIDATE_PRODUCT = YES;
			};
			name = Release;
		};
		DABA653E24A07D7400C5D657 /* Debug */ = {
			isa = XCBuildConfiguration;
			buildSettings = {
				ASSETCATALOG_COMPILER_APPICON_NAME = AppIcon;
				CODE_SIGN_STYLE = Automatic;
				FRAMEWORK_SEARCH_PATHS = (
					"$(inherited)",
					"$(PROJECT_DIR)/Carthage/Build/iOS",
				);
				INFOPLIST_FILE = game/Info.plist;
				LD_RUNPATH_SEARCH_PATHS = (
					"$(inherited)",
					"@executable_path/Frameworks",
				);
				PRODUCT_BUNDLE_IDENTIFIER = com.example.game;
				PRODUCT_NAME = "$(TARGET_NAME)";
				SWIFT_VERSION = 5.0;
				TARGETED_DEVICE_FAMILY = "1,2";
			};
			name = Debug;
		};
		DABA653F24A07D7400C5D657 /* Release */ = {
			isa = XCBuildConfiguration;
			buildSettings = {
				ASSETCATALOG_COMPILER_APPICON_NAME = AppIcon;
				CODE_SIGN_STYLE = Automatic;
				FRAMEWORK_SEARCH_PATHS = (
					"$(inherited)",
					"$(PROJECT_DIR)/Carthage/Build/iOS",
				);
				INFOPLIST_FILE = game/Info.plist;
				LD_RUNPATH_SEARCH_PATHS = (
					"$(inherited)",
					"@executable_path/Frameworks",
				);
				PRODUCT_BUNDLE_IDENTIFIER = com.example.game;
				PRODUCT_NAME = "$(TARGET_NAME)";
				SWIFT_VERSION = 5.0;
				TARGETED_DEVICE_FAMILY = "1,2";
			};
			name = Release;
		};
		DABA654124A07D7400C5D657 /* Debug */ = {
			isa = XCBuildConfiguration;
			buildSettings = {
				ALWAYS_EMBED_SWIFT_STANDARD_LIBRARIES = YES;
				BUNDLE_LOADER = "$(TEST_HOST)";
				CODE_SIGN_STYLE = Automatic;
				INFOPLIST_FILE = gameTests/Info.plist;
				IPHONEOS_DEPLOYMENT_TARGET = 13.5;
				LD_RUNPATH_SEARCH_PATHS = (
					"$(inherited)",
					"@executable_path/Frameworks",
					"@loader_path/Frameworks",
				);
				PRODUCT_BUNDLE_IDENTIFIER = com.example.gameTests;
				PRODUCT_NAME = "$(TARGET_NAME)";
				SWIFT_VERSION = 5.0;
				TARGETED_DEVICE_FAMILY = "1,2";
				TEST_HOST = "$(BUILT_PRODUCTS_DIR)/game.app/game";
			};
			name = Debug;
		};
		DABA654224A07D7400C5D657 /* Release */ = {
			isa = XCBuildConfiguration;
			buildSettings = {
				ALWAYS_EMBED_SWIFT_STANDARD_LIBRARIES = YES;
				BUNDLE_LOADER = "$(TEST_HOST)";
				CODE_SIGN_STYLE = Automatic;
				INFOPLIST_FILE = gameTests/Info.plist;
				IPHONEOS_DEPLOYMENT_TARGET = 13.5;
				LD_RUNPATH_SEARCH_PATHS = (
					"$(inherited)",
					"@executable_path/Frameworks",
					"@loader_path/Frameworks",
				);
				PRODUCT_BUNDLE_IDENTIFIER = com.example.gameTests;
				PRODUCT_NAME = "$(TARGET_NAME)";
				SWIFT_VERSION = 5.0;
				TARGETED_DEVICE_FAMILY = "1,2";
				TEST_HOST = "$(BUILT_PRODUCTS_DIR)/game.app/game";
			};
			name = Release;
		};
		DABA654424A07D7400C5D657 /* Debug */ = {
			isa = XCBuildConfiguration;
			buildSettings = {
				ALWAYS_EMBED_SWIFT_STANDARD_LIBRARIES = YES;
				CODE_SIGN_STYLE = Automatic;
				INFOPLIST_FILE = gameUITests/Info.plist;
				LD_RUNPATH_SEARCH_PATHS = (
					"$(inherited)",
					"@executable_path/Frameworks",
					"@loader_path/Frameworks",
				);
				PRODUCT_BUNDLE_IDENTIFIER = com.example.gameUITests;
				PRODUCT_NAME = "$(TARGET_NAME)";
				SWIFT_VERSION = 5.0;
				TARGETED_DEVICE_FAMILY = "1,2";
				TEST_TARGET_NAME = game;
			};
			name = Debug;
		};
		DABA654524A07D7400C5D657 /* Release */ = {
			isa = XCBuildConfiguration;
			buildSettings = {
				ALWAYS_EMBED_SWIFT_STANDARD_LIBRARIES = YES;
				CODE_SIGN_STYLE = Automatic;
				INFOPLIST_FILE = gameUITests/Info.plist;
				LD_RUNPATH_SEARCH_PATHS = (
					"$(inherited)",
					"@executable_path/Frameworks",
					"@loader_path/Frameworks",
				);
				PRODUCT_BUNDLE_IDENTIFIER = com.example.gameUITests;
				PRODUCT_NAME = "$(TARGET_NAME)";
				SWIFT_VERSION = 5.0;
				TARGETED_DEVICE_FAMILY = "1,2";
				TEST_TARGET_NAME = game;
			};
			name = Release;
		};
/* End XCBuildConfiguration section */

/* Begin XCConfigurationList section */
		DABA650E24A07D7300C5D657 /* Build configuration list for PBXProject "game" */ = {
			isa = XCConfigurationList;
			buildConfigurations = (
				DABA653B24A07D7400C5D657 /* Debug */,
				DABA653C24A07D7400C5D657 /* Release */,
			);
			defaultConfigurationIsVisible = 0;
			defaultConfigurationName = Release;
		};
		DABA653D24A07D7400C5D657 /* Build configuration list for PBXNativeTarget "game" */ = {
			isa = XCConfigurationList;
			buildConfigurations = (
				DABA653E24A07D7400C5D657 /* Debug */,
				DABA653F24A07D7400C5D657 /* Release */,
			);
			defaultConfigurationIsVisible = 0;
			defaultConfigurationName = Release;
		};
		DABA654024A07D7400C5D657 /* Build configuration list for PBXNativeTarget "gameTests" */ = {
			isa = XCConfigurationList;
			buildConfigurations = (
				DABA654124A07D7400C5D657 /* Debug */,
				DABA654224A07D7400C5D657 /* Release */,
			);
			defaultConfigurationIsVisible = 0;
			defaultConfigurationName = Release;
		};
		DABA654324A07D7400C5D657 /* Build configuration list for PBXNativeTarget "gameUITests" */ = {
			isa = XCConfigurationList;
			buildConfigurations = (
				DABA654424A07D7400C5D657 /* Debug */,
				DABA654524A07D7400C5D657 /* Release */,
			);
			defaultConfigurationIsVisible = 0;
			defaultConfigurationName = Release;
		};
/* End XCConfigurationList section */

/* Begin XCRemoteSwiftPackageReference section */
		DA0DBB53258FF8FD00E26609 /* XCRemoteSwiftPackageReference "Starscream" */ = {
			isa = XCRemoteSwiftPackageReference;
			repositoryURL = "https://github.com/daltoniam/Starscream.git";
			requirement = {
				kind = upToNextMajorVersion;
				minimumVersion = 4.0.4;
			};
		};
/* End XCRemoteSwiftPackageReference section */

/* Begin XCSwiftPackageProductDependency section */
		DA0DBB54258FF8FD00E26609 /* Starscream */ = {
			isa = XCSwiftPackageProductDependency;
			package = DA0DBB53258FF8FD00E26609 /* XCRemoteSwiftPackageReference "Starscream" */;
			productName = Starscream;
		};
/* End XCSwiftPackageProductDependency section */
	};
	rootObject = DABA650B24A07D7300C5D657 /* Project object */;
}
